{
  "requires": true,
  "lockfileVersion": 1,
  "dependencies": {
    "@babel/runtime": {
      "version": "7.5.5",
      "resolved": "https://registry.npmjs.org/@babel/runtime/-/runtime-7.5.5.tgz",
      "integrity": "sha512-28QvEGyQyNkB0/m2B4FU7IEZGK2NUrcMtT6BZEFALTguLk+AUT6ofsHtPk5QyjAdUkpMJ+/Em+quwz4HOt30AQ==",
      "requires": {
        "regenerator-runtime": "^0.13.2"
      }
    },
    "asn1.js": {
      "version": "5.2.0",
      "resolved": "https://registry.npmjs.org/asn1.js/-/asn1.js-5.2.0.tgz",
      "integrity": "sha512-Q7hnYGGNYbcmGrCPulXfkEw7oW7qjWeM4ZTALmgpuIcZLxyqqKYWxCZg2UBm8bklrnB4m2mGyJPWfoktdORD8A==",
      "requires": {
        "bn.js": "^4.0.0",
        "inherits": "^2.0.1",
        "minimalistic-assert": "^1.0.0"
      }
    },
    "asn1.js-rfc5280": {
      "version": "3.0.0",
      "resolved": "https://registry.npmjs.org/asn1.js-rfc5280/-/asn1.js-rfc5280-3.0.0.tgz",
      "integrity": "sha512-Y2LZPOWeZ6qehv698ZgOGGCZXBQShObWnGthTrIFlIQjuV1gg2B8QOhWFRExq/MR1VnPpIIe7P9vX2vElxv+Pg==",
      "requires": {
        "asn1.js": "^5.0.0"
      }
    },
    "base64-js": {
      "version": "1.3.1",
      "resolved": "https://registry.npmjs.org/base64-js/-/base64-js-1.3.1.tgz",
      "integrity": "sha512-mLQ4i2QO1ytvGWFWmcngKO//JXAQueZvwEKtjgQFM4jIK0kU+ytMfplL8j+n5mspOfjHwoAg+9yhb7BwAHm36g=="
    },
    "bn.js": {
      "version": "4.11.8",
      "resolved": "https://registry.npmjs.org/bn.js/-/bn.js-4.11.8.tgz",
      "integrity": "sha512-ItfYfPLkWHUjckQCk8xC+LwxgK8NYcXywGigJgSwOP8Y2iyWT4f2vsZnoOXTTbo+o5yXmIUJ4gn5538SO5S3gA=="
    },
    "brorand": {
      "version": "1.1.0",
      "resolved": "https://registry.npmjs.org/brorand/-/brorand-1.1.0.tgz",
      "integrity": "sha1-EsJe/kCkXjwyPrhnWgoM5XsiNx8="
    },
    "buffer": {
      "version": "5.4.3",
      "resolved": "https://registry.npmjs.org/buffer/-/buffer-5.4.3.tgz",
      "integrity": "sha512-zvj65TkFeIt3i6aj5bIvJDzjjQQGs4o/sNoezg1F1kYap9Nu2jcUdpwzRSJTHMMzG0H7bZkn4rNQpImhuxWX2A==",
      "requires": {
        "base64-js": "^1.0.2",
        "ieee754": "^1.1.4"
      }
    },
    "charenc": {
      "version": "0.0.2",
      "resolved": "https://registry.npmjs.org/charenc/-/charenc-0.0.2.tgz",
      "integrity": "sha1-wKHS86cJLgN3S/qD8UwPxXkKhmc="
    },
    "crypt": {
      "version": "0.0.2",
      "resolved": "https://registry.npmjs.org/crypt/-/crypt-0.0.2.tgz",
      "integrity": "sha1-iNf/fsDfuG9xPch7u0LQRNPmxBs="
    },
    "des.js": {
      "version": "1.0.0",
      "resolved": "https://registry.npmjs.org/des.js/-/des.js-1.0.0.tgz",
      "integrity": "sha1-wHTS4qpqipoH29YfmhXCzYPsjsw=",
      "requires": {
        "inherits": "^2.0.1",
        "minimalistic-assert": "^1.0.0"
      }
    },
    "elliptic": {
      "version": "6.5.1",
      "resolved": "https://registry.npmjs.org/elliptic/-/elliptic-6.5.1.tgz",
      "integrity": "sha512-xvJINNLbTeWQjrl6X+7eQCrIy/YPv5XCpKW6kB5mKvtnGILoLDcySuwomfdzt0BMdLNVnuRNTuzKNHj0bva1Cg==",
      "requires": {
        "bn.js": "^4.4.0",
        "brorand": "^1.0.1",
        "hash.js": "^1.0.0",
        "hmac-drbg": "^1.0.0",
        "inherits": "^2.0.1",
        "minimalistic-assert": "^1.0.0",
        "minimalistic-crypto-utils": "^1.0.0"
      }
    },
    "hash.js": {
      "version": "1.1.7",
      "resolved": "https://registry.npmjs.org/hash.js/-/hash.js-1.1.7.tgz",
      "integrity": "sha512-taOaskGt4z4SOANNseOviYDvjEJinIkRgmp7LbKP2YTTmVxWBl87s/uzK9r+44BclBSp2X7K1hqeNfz9JbBeXA==",
      "requires": {
        "inherits": "^2.0.3",
        "minimalistic-assert": "^1.0.1"
      }
    },
    "hmac-drbg": {
      "version": "1.0.1",
      "resolved": "https://registry.npmjs.org/hmac-drbg/-/hmac-drbg-1.0.1.tgz",
      "integrity": "sha1-0nRXAQJabHdabFRXk+1QL8DGSaE=",
      "requires": {
        "hash.js": "^1.0.3",
        "minimalistic-assert": "^1.0.0",
        "minimalistic-crypto-utils": "^1.0.1"
      }
    },
    "ieee754": {
      "version": "1.1.13",
      "resolved": "https://registry.npmjs.org/ieee754/-/ieee754-1.1.13.tgz",
      "integrity": "sha512-4vf7I2LYV/HaWerSo3XmlMkp5eZ83i+/CDluXi/IGTs/O1sejBNhTtnxzmRZfvOUqj7lZjqHkeTvpgSFDlWZTg=="
    },
    "inherits": {
      "version": "2.0.4",
      "resolved": "https://registry.npmjs.org/inherits/-/inherits-2.0.4.tgz",
      "integrity": "sha512-k/vGaX4/Yla3WzyMCvTQOXYeIHvqOKtnqBduzTHpzpQZzAskKMhZ2K+EnBiSM9zGSoIFeMpXKxa4dYeZIQqewQ=="
    },
    "is-buffer": {
      "version": "1.1.6",
      "resolved": "https://registry.npmjs.org/is-buffer/-/is-buffer-1.1.6.tgz",
      "integrity": "sha512-NcdALwpXkTm5Zvvbk7owOUSvVvBKDgKP5/ewfXEznmQFfs4ZRmanOeKBTjRVjka3QFoN6XJ+9F3USqfHqTaU5w=="
    },
    "js-crypto-aes": {
      "version": "0.6.1",
      "resolved": "https://registry.npmjs.org/js-crypto-aes/-/js-crypto-aes-0.6.1.tgz",
      "integrity": "sha512-Uc08wlFPsIJpxXRsa9Sx6tpPr0s+hudBP7Gj7iuG0YRESferBbyIG5kQ8kdFqr82MsF8VZ8T8DylGBAGTmvZKA==",
      "requires": {
        "@babel/runtime": "~7.5.0",
        "js-crypto-env": "^0.2.4"
      }
    },
    "js-crypto-ec": {
      "version": "0.5.11",
      "resolved": "https://registry.npmjs.org/js-crypto-ec/-/js-crypto-ec-0.5.11.tgz",
      "integrity": "sha512-fnWQc2KOX+iGpFq7+WUb41SjlKcB7NcAJVXaV/WXgigPqCsT7qzcT3taW32KFEHBF8pkD3LF9CsWmU2GGOogKw==",
      "requires": {
        "@babel/runtime": "~7.5.0",
        "asn1.js": "~5.2.0",
        "buffer": "~5.4.0",
        "elliptic": "~6.5.0",
        "js-crypto-env": "^0.2.4",
        "js-crypto-hash": "^0.5.2",
        "js-crypto-key-utils": "^0.6.11",
        "js-crypto-random": "^0.3.5",
        "js-encoding-utils": "0.5.3"
      }
    },
    "js-crypto-env": {
      "version": "0.2.4",
      "resolved": "https://registry.npmjs.org/js-crypto-env/-/js-crypto-env-0.2.4.tgz",
      "integrity": "sha512-kOnWELFfTgPYzBgLo81VkopKWEyHZAVeU7Og/4+yCfesNyaM7CXXOHQqsPaLbhI+Oq2NJlDM7jsVO/fmyeTLrA==",
      "requires": {
        "@babel/runtime": "~7.5.0"
      }
    },
    "js-crypto-hash": {
      "version": "0.5.2",
      "resolved": "https://registry.npmjs.org/js-crypto-hash/-/js-crypto-hash-0.5.2.tgz",
      "integrity": "sha512-RqQnwb3euCCsCkISf5G8Wgevz6et2CDoHctbiJEnaxCxK8ZGv65Toas1aer/MDMfCb6+S8UXOI66CDOxuZjlZw==",
      "requires": {
        "@babel/runtime": "~7.5.0",
        "buffer": "^5.2.1",
        "hash.js": "~1.1.7",
        "js-crypto-env": "^0.2.4",
        "md5": "~2.2.1",
        "sha3": "~2.0.4"
      }
    },
    "js-crypto-hkdf": {
      "version": "0.6.4",
      "resolved": "https://registry.npmjs.org/js-crypto-hkdf/-/js-crypto-hkdf-0.6.4.tgz",
      "integrity": "sha512-kFOR6kyEEoXKXQYtiaF898HpcSdpS7DZzg1hcqj617g+6iQ9EZShrQw5jCuu9TvV8Xm8BTMkJQvBnyZhReuFqA==",
      "requires": {
        "@babel/runtime": "~7.5.0",
        "js-crypto-env": "^0.2.4",
        "js-crypto-hmac": "^0.5.3",
        "js-crypto-random": "^0.3.5"
      }
    },
    "js-crypto-hmac": {
      "version": "0.5.3",
      "resolved": "https://registry.npmjs.org/js-crypto-hmac/-/js-crypto-hmac-0.5.3.tgz",
      "integrity": "sha512-ARFm5uM0WttvnFWR+pNq9J5zULjfbGD85mohD90arb5U5fITEOu1kqpA6nVSJlr87kPilYg1BntfAfIoXSC/lw==",
      "requires": {
        "@babel/runtime": "~7.5.0",
        "js-crypto-env": "^0.2.4",
        "js-crypto-hash": "^0.5.2"
      }
    },
    "js-crypto-key-utils": {
      "version": "0.6.11",
      "resolved": "https://registry.npmjs.org/js-crypto-key-utils/-/js-crypto-key-utils-0.6.11.tgz",
      "integrity": "sha512-3vVspOXylY1aekm46OOzvkh3d5xF+QD8uJtEeLPmG/eIGVrZU1OzlnI4DlKDqS3FzAr0G11vvSarNU/xBn3WjA==",
      "requires": {
        "@babel/runtime": "~7.5.0",
        "asn1.js": "~5.2.0",
        "buffer": "~5.4.0",
        "des.js": "~1.0.0",
        "elliptic": "~6.5.0",
        "js-crypto-aes": "^0.6.1",
        "js-crypto-hash": "^0.5.2",
        "js-crypto-pbkdf": "^0.4.3",
        "js-crypto-random": "^0.3.5",
        "js-encoding-utils": "0.5.3",
        "lodash.clonedeep": "~4.5.0"
      }
    },
    "js-crypto-pbkdf": {
      "version": "0.4.3",
      "resolved": "https://registry.npmjs.org/js-crypto-pbkdf/-/js-crypto-pbkdf-0.4.3.tgz",
      "integrity": "sha512-tcNl34lYlt+msqT2cuWvMuDQWgi5rdouQmEcQgK9zpdDGJeWY6JMgsMHEypUoFMCZh/fdwDPbnVSrJMpC3T6aQ==",
      "requires": {
        "@babel/runtime": "~7.5.0",
        "js-crypto-hash": "^0.5.2",
        "js-crypto-hmac": "^0.5.3",
        "js-encoding-utils": "0.5.3"
      }
    },
    "js-crypto-random": {
      "version": "0.3.5",
      "resolved": "https://registry.npmjs.org/js-crypto-random/-/js-crypto-random-0.3.5.tgz",
      "integrity": "sha512-9VytDK+anaplWNWBls9acR4+urkERYmcA0zlYMfTwb2BdDPSfW5rCYCLeWNuZEPGtDJYU+eaasd7i2v1IF6vVg==",
      "requires": {
        "@babel/runtime": "~7.5.0",
        "js-crypto-env": "^0.2.4"
      }
    },
    "js-crypto-rsa": {
      "version": "0.5.11",
      "resolved": "https://registry.npmjs.org/js-crypto-rsa/-/js-crypto-rsa-0.5.11.tgz",
      "integrity": "sha512-tY7oTM/S+0CCIzFSKA3hucu1XchPiMnildUtRCxIx02ANRINLwNbPU7gfXXKQ0dYU9qbCY//XZ1QfLmlvgKE8g==",
      "requires": {
        "@babel/runtime": "~7.5.0",
        "bn.js": "~5.0.0",
        "js-crypto-env": "^0.2.4",
        "js-crypto-hash": "^0.5.2",
        "js-crypto-key-utils": "^0.6.11",
        "js-crypto-random": "^0.3.5",
        "js-encoding-utils": "0.5.3"
      },
      "dependencies": {
        "bn.js": {
          "version": "5.0.0",
          "resolved": "https://registry.npmjs.org/bn.js/-/bn.js-5.0.0.tgz",
          "integrity": "sha512-bVwDX8AF+72fIUNuARelKAlQUNtPOfG2fRxorbVvFk4zpHbqLrPdOGfVg5vrKwVzLLePqPBiATaOZNELQzmS0A=="
        }
      }
    },
    "js-crypto-utils": {
      "version": "0.17.1",
      "resolved": "https://registry.npmjs.org/js-crypto-utils/-/js-crypto-utils-0.17.1.tgz",
      "integrity": "sha512-9fdkrdHW8ubi5TQyYO5unDeDrbHTTym8peM17KKFyEdGnGTqDSVB0xXhmKHpJAeNO44fjjUt1Ix5WV4Rpc95bw==",
      "requires": {
        "@babel/runtime": "~7.5.0",
        "js-crypto-aes": "^0.6.1",
        "js-crypto-ec": "^0.5.11",
        "js-crypto-hash": "^0.5.2",
        "js-crypto-hkdf": "^0.6.4",
        "js-crypto-hmac": "^0.5.3",
        "js-crypto-key-utils": "^0.6.11",
        "js-crypto-pbkdf": "^0.4.3",
        "js-crypto-random": "^0.3.5",
        "js-crypto-rsa": "^0.5.11",
        "js-encoding-utils": "0.5.3",
        "js-x509-utils": "^0.4.11",
        "lodash.clonedeep": "~4.5.0"
      }
    },
    "js-encoding-utils": {
      "version": "0.5.3",
      "resolved": "https://registry.npmjs.org/js-encoding-utils/-/js-encoding-utils-0.5.3.tgz",
      "integrity": "sha512-GWEeXCVERJvMX/V8VLaJHIHe5K2m4dCXYujmbipK9NIUVxNS4J/PZfgIE+lveCvZgZpSY5tMUHOkh/ZHhPx84A=="
    },
    "js-x509-utils": {
      "version": "0.4.11",
      "resolved": "https://registry.npmjs.org/js-x509-utils/-/js-x509-utils-0.4.11.tgz",
      "integrity": "sha512-mBZxhUEdG93xf6xMrvsrBdzOFlz91zUIJKau7+RtMySj96FbVNF8aKC/cuKJURZDMnhtCV4q6W8sG2lan+yIRw==",
      "requires": {
        "@babel/runtime": "~7.5.0",
        "asn1.js": "~5.2.0",
        "asn1.js-rfc5280": "~3.0.0",
        "bn.js": "~5.0.0",
        "buffer": "~5.4.0",
        "js-crypto-ec": "^0.5.11",
        "js-crypto-key-utils": "^0.6.11",
        "js-crypto-random": "^0.3.5",
        "js-crypto-rsa": "^0.5.11",
        "js-encoding-utils": "0.5.3"
      },
      "dependencies": {
        "bn.js": {
          "version": "5.0.0",
          "resolved": "https://registry.npmjs.org/bn.js/-/bn.js-5.0.0.tgz",
          "integrity": "sha512-bVwDX8AF+72fIUNuARelKAlQUNtPOfG2fRxorbVvFk4zpHbqLrPdOGfVg5vrKwVzLLePqPBiATaOZNELQzmS0A=="
        }
      }
    },
    "lodash.clonedeep": {
      "version": "4.5.0",
      "resolved": "https://registry.npmjs.org/lodash.clonedeep/-/lodash.clonedeep-4.5.0.tgz",
      "integrity": "sha1-4j8/nE+Pvd6HJSnBBxhXoIblzO8="
    },
    "md5": {
      "version": "2.2.1",
      "resolved": "https://registry.npmjs.org/md5/-/md5-2.2.1.tgz",
      "integrity": "sha1-U6s41f48iJG6RlMp6iP6wFQBJvk=",
      "requires": {
        "charenc": "~0.0.1",
        "crypt": "~0.0.1",
        "is-buffer": "~1.1.1"
      }
    },
    "minimalistic-assert": {
      "version": "1.0.1",
      "resolved": "https://registry.npmjs.org/minimalistic-assert/-/minimalistic-assert-1.0.1.tgz",
      "integrity": "sha512-UtJcAD4yEaGtjPezWuO9wC4nwUnVH/8/Im3yEHQP4b67cXlD/Qr9hdITCU1xDbSEXg2XKNaP8jsReV7vQd00/A=="
    },
    "minimalistic-crypto-utils": {
      "version": "1.0.1",
      "resolved": "https://registry.npmjs.org/minimalistic-crypto-utils/-/minimalistic-crypto-utils-1.0.1.tgz",
      "integrity": "sha1-9sAMHAsIIkblxNmd+4x8CDsrWCo="
    },
    "regenerator-runtime": {
      "version": "0.13.3",
      "resolved": "https://registry.npmjs.org/regenerator-runtime/-/regenerator-runtime-0.13.3.tgz",
      "integrity": "sha512-naKIZz2GQ8JWh///G7L3X6LaQUAMp2lvb1rvwwsURe/VXwD6VMfr+/1NuNw3ag8v2kY1aQ/go5SNn79O9JU7yw=="
    },
    "sha3": {
      "version": "2.0.7",
      "resolved": "https://registry.npmjs.org/sha3/-/sha3-2.0.7.tgz",
      "integrity": "sha512-7Qsj/0J3pxCWfmyuDbTZWoKNSKY/rg2eecNRvTYE4EAPJ11Uh6xuEObyCG295AqgrtOjzdDbfwtGLDY52h11tA==",
      "requires": {
        "buffer": "5.4.0"
      },
      "dependencies": {
        "buffer": {
          "version": "5.4.0",
          "resolved": "https://registry.npmjs.org/buffer/-/buffer-5.4.0.tgz",
          "integrity": "sha512-Xpgy0IwHK2N01ncykXTy6FpCWuM+CJSHoPVBLyNqyrWxsedpLvwsYUhf0ME3WRFNUhos0dMamz9cOS/xRDtU5g==",
          "requires": {
            "base64-js": "^1.0.2",
            "ieee754": "^1.1.4"
          }
        }
      }
    }
  }
}
