// !$*UTF8*$!
{
	archiveVersion = 1;
	classes = {
	};
	objectVersion = 50;
	objects = {

/* Begin PBXBuildFile section */
		B0B2057A2333D45000694587 /* AppDelegate.swift in Sources */ = {isa = PBXBuildFile; fileRef = B0B205792333D45000694587 /* AppDelegate.swift */; };
		B0B2057C2333D45000694587 /* SceneDelegate.swift in Sources */ = {isa = PBXBuildFile; fileRef = B0B2057B2333D45000694587 /* SceneDelegate.swift */; };
		B0B2057E2333D45000694587 /* ViewController.swift in Sources */ = {isa = PBXBuildFile; fileRef = B0B2057D2333D45000694587 /* ViewController.swift */; };
		B0B205812333D45000694587 /* Main.storyboard in Resources */ = {isa = PBXBuildFile; fileRef = B0B2057F2333D45000694587 /* Main.storyboard */; };
		B0B205832333D45200694587 /* Assets.xcassets in Resources */ = {isa = PBXBuildFile; fileRef = B0B205822333D45200694587 /* Assets.xcassets */; };
		B0B205862333D45200694587 /* LaunchScreen.storyboard in Resources */ = {isa = PBXBuildFile; fileRef = B0B205842333D45200694587 /* LaunchScreen.storyboard */; };
		B0B205912333D45200694587 /* UofG_Hospitality_Order_NowTests.swift in Sources */ = {isa = PBXBuildFile; fileRef = B0B205902333D45200694587 /* UofG_Hospitality_Order_NowTests.swift */; };
/* End PBXBuildFile section */

/* Begin PBXContainerItemProxy section */
		B0B2058D2333D45200694587 /* PBXContainerItemProxy */ = {
			isa = PBXContainerItemProxy;
			containerPortal = B0B2056E2333D45000694587 /* Project object */;
			proxyType = 1;
			remoteGlobalIDString = B0B205752333D45000694587;
			remoteInfo = "UofG-Hospitality-Order-Now";
		};
/* End PBXContainerItemProxy section */

/* Begin PBXFileReference section */
		B0B205762333D45000694587 /* GryphEats.app */ = {isa = PBXFileReference; explicitFileType = wrapper.application; includeInIndex = 0; path = GryphEats.app; sourceTree = BUILT_PRODUCTS_DIR; };
		B0B205792333D45000694587 /* AppDelegate.swift */ = {isa = PBXFileReference; lastKnownFileType = sourcecode.swift; path = AppDelegate.swift; sourceTree = "<group>"; };
		B0B2057B2333D45000694587 /* SceneDelegate.swift */ = {isa = PBXFileReference; lastKnownFileType = sourcecode.swift; path = SceneDelegate.swift; sourceTree = "<group>"; };
		B0B2057D2333D45000694587 /* ViewController.swift */ = {isa = PBXFileReference; lastKnownFileType = sourcecode.swift; path = ViewController.swift; sourceTree = "<group>"; };
		B0B205802333D45000694587 /* Base */ = {isa = PBXFileReference; lastKnownFileType = file.storyboard; name = Base; path = Base.lproj/Main.storyboard; sourceTree = "<group>"; };
		B0B205822333D45200694587 /* Assets.xcassets */ = {isa = PBXFileReference; lastKnownFileType = folder.assetcatalog; path = Assets.xcassets; sourceTree = "<group>"; };
		B0B205852333D45200694587 /* Base */ = {isa = PBXFileReference; lastKnownFileType = file.storyboard; name = Base; path = Base.lproj/LaunchScreen.storyboard; sourceTree = "<group>"; };
		B0B205872333D45200694587 /* Info.plist */ = {isa = PBXFileReference; lastKnownFileType = text.plist.xml; path = Info.plist; sourceTree = "<group>"; };
		B0B2058C2333D45200694587 /* GryphEatsTests.xctest */ = {isa = PBXFileReference; explicitFileType = wrapper.cfbundle; includeInIndex = 0; path = GryphEatsTests.xctest; sourceTree = BUILT_PRODUCTS_DIR; };
		B0B205902333D45200694587 /* UofG_Hospitality_Order_NowTests.swift */ = {isa = PBXFileReference; lastKnownFileType = sourcecode.swift; path = UofG_Hospitality_Order_NowTests.swift; sourceTree = "<group>"; };
		B0B205922333D45200694587 /* Info.plist */ = {isa = PBXFileReference; lastKnownFileType = text.plist.xml; path = Info.plist; sourceTree = "<group>"; };
/* End PBXFileReference section */

/* Begin PBXFrameworksBuildPhase section */
		B0B205732333D45000694587 /* Frameworks */ = {
			isa = PBXFrameworksBuildPhase;
			buildActionMask = 2147483647;
			files = (
			);
			runOnlyForDeploymentPostprocessing = 0;
		};
		B0B205892333D45200694587 /* Frameworks */ = {
			isa = PBXFrameworksBuildPhase;
			buildActionMask = 2147483647;
			files = (
			);
			runOnlyForDeploymentPostprocessing = 0;
		};
/* End PBXFrameworksBuildPhase section */

/* Begin PBXGroup section */
		B0B2056D2333D45000694587 = {
			isa = PBXGroup;
			children = (
				B0B205782333D45000694587 /* GryphEats */,
				B0B2058F2333D45200694587 /* GryphEatsTests */,
				B0B205772333D45000694587 /* Products */,
			);
			sourceTree = "<group>";
		};
		B0B205772333D45000694587 /* Products */ = {
			isa = PBXGroup;
			children = (
				B0B205762333D45000694587 /* GryphEats.app */,
				B0B2058C2333D45200694587 /* GryphEatsTests.xctest */,
			);
			name = Products;
			sourceTree = "<group>";
		};
		B0B205782333D45000694587 /* GryphEats */ = {
			isa = PBXGroup;
			children = (
				B0B205792333D45000694587 /* AppDelegate.swift */,
				B0B2057B2333D45000694587 /* SceneDelegate.swift */,
				B0B2057D2333D45000694587 /* ViewController.swift */,
				B0B2057F2333D45000694587 /* Main.storyboard */,
				B0B205822333D45200694587 /* Assets.xcassets */,
				B0B205842333D45200694587 /* LaunchScreen.storyboard */,
				B0B205872333D45200694587 /* Info.plist */,
			);
			path = GryphEats;
			sourceTree = "<group>";
		};
		B0B2058F2333D45200694587 /* GryphEatsTests */ = {
			isa = PBXGroup;
			children = (
				B0B205902333D45200694587 /* UofG_Hospitality_Order_NowTests.swift */,
				B0B205922333D45200694587 /* Info.plist */,
			);
			path = GryphEatsTests;
			sourceTree = "<group>";
		};
/* End PBXGroup section */

/* Begin PBXNativeTarget section */
		B0B205752333D45000694587 /* GryphEats */ = {
			isa = PBXNativeTarget;
			buildConfigurationList = B0B205A02333D45200694587 /* Build configuration list for PBXNativeTarget "GryphEats" */;
			buildPhases = (
				B0B205722333D45000694587 /* Sources */,
				B0B205732333D45000694587 /* Frameworks */,
				B0B205742333D45000694587 /* Resources */,
			);
			buildRules = (
			);
			dependencies = (
			);
			name = GryphEats;
			productName = "UofG-Hospitality-Order-Now";
			productReference = B0B205762333D45000694587 /* GryphEats.app */;
			productType = "com.apple.product-type.application";
		};
		B0B2058B2333D45200694587 /* GryphEatsTests */ = {
			isa = PBXNativeTarget;
			buildConfigurationList = B0B205A32333D45200694587 /* Build configuration list for PBXNativeTarget "GryphEatsTests" */;
			buildPhases = (
				B0B205882333D45200694587 /* Sources */,
				B0B205892333D45200694587 /* Frameworks */,
				B0B2058A2333D45200694587 /* Resources */,
			);
			buildRules = (
			);
			dependencies = (
				B0B2058E2333D45200694587 /* PBXTargetDependency */,
			);
			name = GryphEatsTests;
			productName = "UofG-Hospitality-Order-NowTests";
			productReference = B0B2058C2333D45200694587 /* GryphEatsTests.xctest */;
			productType = "com.apple.product-type.bundle.unit-test";
		};
/* End PBXNativeTarget section */

/* Begin PBXProject section */
		B0B2056E2333D45000694587 /* Project object */ = {
			isa = PBXProject;
			attributes = {
				LastSwiftUpdateCheck = 1100;
				LastUpgradeCheck = 1100;
				ORGANIZATIONNAME = "The Subway Squad";
				TargetAttributes = {
					B0B205752333D45000694587 = {
						CreatedOnToolsVersion = 11.0;
					};
					B0B2058B2333D45200694587 = {
						CreatedOnToolsVersion = 11.0;
						TestTargetID = B0B205752333D45000694587;
					};
				};
			};
			buildConfigurationList = B0B205712333D45000694587 /* Build configuration list for PBXProject "GryphEats" */;
			compatibilityVersion = "Xcode 9.3";
			developmentRegion = en;
			hasScannedForEncodings = 0;
			knownRegions = (
				en,
				Base,
			);
			mainGroup = B0B2056D2333D45000694587;
			productRefGroup = B0B205772333D45000694587 /* Products */;
			projectDirPath = "";
			projectRoot = "";
			targets = (
				B0B205752333D45000694587 /* GryphEats */,
				B0B2058B2333D45200694587 /* GryphEatsTests */,
			);
		};
/* End PBXProject section */

/* Begin PBXResourcesBuildPhase section */
		B0B205742333D45000694587 /* Resources */ = {
			isa = PBXResourcesBuildPhase;
			buildActionMask = 2147483647;
			files = (
				B0B205862333D45200694587 /* LaunchScreen.storyboard in Resources */,
				B0B205832333D45200694587 /* Assets.xcassets in Resources */,
				B0B205812333D45000694587 /* Main.storyboard in Resources */,
			);
			runOnlyForDeploymentPostprocessing = 0;
		};
		B0B2058A2333D45200694587 /* Resources */ = {
			isa = PBXResourcesBuildPhase;
			buildActionMask = 2147483647;
			files = (
			);
			runOnlyForDeploymentPostprocessing = 0;
		};
/* End PBXResourcesBuildPhase section */

/* Begin PBXSourcesBuildPhase section */
		B0B205722333D45000694587 /* Sources */ = {
			isa = PBXSourcesBuildPhase;
			buildActionMask = 2147483647;
			files = (
				B0B2057E2333D45000694587 /* ViewController.swift in Sources */,
				B0B2057A2333D45000694587 /* AppDelegate.swift in Sources */,
				B0B2057C2333D45000694587 /* SceneDelegate.swift in Sources */,
			);
			runOnlyForDeploymentPostprocessing = 0;
		};
		B0B205882333D45200694587 /* Sources */ = {
			isa = PBXSourcesBuildPhase;
			buildActionMask = 2147483647;
			files = (
				B0B205912333D45200694587 /* UofG_Hospitality_Order_NowTests.swift in Sources */,
			);
			runOnlyForDeploymentPostprocessing = 0;
		};
/* End PBXSourcesBuildPhase section */

/* Begin PBXTargetDependency section */
		B0B2058E2333D45200694587 /* PBXTargetDependency */ = {
			isa = PBXTargetDependency;
			target = B0B205752333D45000694587 /* GryphEats */;
			targetProxy = B0B2058D2333D45200694587 /* PBXContainerItemProxy */;
		};
/* End PBXTargetDependency section */

/* Begin PBXVariantGroup section */
		B0B2057F2333D45000694587 /* Main.storyboard */ = {
			isa = PBXVariantGroup;
			children = (
				B0B205802333D45000694587 /* Base */,
			);
			name = Main.storyboard;
			sourceTree = "<group>";
		};
		B0B205842333D45200694587 /* LaunchScreen.storyboard */ = {
			isa = PBXVariantGroup;
			children = (
				B0B205852333D45200694587 /* Base */,
			);
			name = LaunchScreen.storyboard;
			sourceTree = "<group>";
		};
/* End PBXVariantGroup section */

/* Begin XCBuildConfiguration section */
		B0B2059E2333D45200694587 /* Debug */ = {
			isa = XCBuildConfiguration;
			buildSettings = {
				ALWAYS_SEARCH_USER_PATHS = NO;
				CLANG_ANALYZER_NONNULL = YES;
				CLANG_ANALYZER_NUMBER_OBJECT_CONVERSION = YES_AGGRESSIVE;
				CLANG_CXX_LANGUAGE_STANDARD = "gnu++14";
				CLANG_CXX_LIBRARY = "libc++";
				CLANG_ENABLE_MODULES = YES;
				CLANG_ENABLE_OBJC_ARC = YES;
				CLANG_ENABLE_OBJC_WEAK = YES;
				CLANG_WARN_BLOCK_CAPTURE_AUTORELEASING = YES;
				CLANG_WARN_BOOL_CONVERSION = YES;
				CLANG_WARN_COMMA = YES;
				CLANG_WARN_CONSTANT_CONVERSION = YES;
				CLANG_WARN_DEPRECATED_OBJC_IMPLEMENTATIONS = YES;
				CLANG_WARN_DIRECT_OBJC_ISA_USAGE = YES_ERROR;
				CLANG_WARN_DOCUMENTATION_COMMENTS = YES;
				CLANG_WARN_EMPTY_BODY = YES;
				CLANG_WARN_ENUM_CONVERSION = YES;
				CLANG_WARN_INFINITE_RECURSION = YES;
				CLANG_WARN_INT_CONVERSION = YES;
				CLANG_WARN_NON_LITERAL_NULL_CONVERSION = YES;
				CLANG_WARN_OBJC_IMPLICIT_RETAIN_SELF = YES;
				CLANG_WARN_OBJC_LITERAL_CONVERSION = YES;
				CLANG_WARN_OBJC_ROOT_CLASS = YES_ERROR;
				CLANG_WARN_RANGE_LOOP_ANALYSIS = YES;
				CLANG_WARN_STRICT_PROTOTYPES = YES;
				CLANG_WARN_SUSPICIOUS_MOVE = YES;
				CLANG_WARN_UNGUARDED_AVAILABILITY = YES_AGGRESSIVE;
				CLANG_WARN_UNREACHABLE_CODE = YES;
				CLANG_WARN__DUPLICATE_METHOD_MATCH = YES;
				COPY_PHASE_STRIP = NO;
				DEBUG_INFORMATION_FORMAT = dwarf;
				"DSTROOT[sdk=*]" = "/tmp/$(PROJECT_NAME).dst";
				ENABLE_STRICT_OBJC_MSGSEND = YES;
				ENABLE_TESTABILITY = YES;
				GCC_C_LANGUAGE_STANDARD = gnu11;
				GCC_DYNAMIC_NO_PIC = NO;
				GCC_NO_COMMON_BLOCKS = YES;
				GCC_OPTIMIZATION_LEVEL = 0;
				GCC_PREPROCESSOR_DEFINITIONS = (
					"DEBUG=1",
					"$(inherited)",
				);
				GCC_WARN_64_TO_32_BIT_CONVERSION = YES;
				GCC_WARN_ABOUT_RETURN_TYPE = YES_ERROR;
				GCC_WARN_UNDECLARED_SELECTOR = YES;
				GCC_WARN_UNINITIALIZED_AUTOS = YES_AGGRESSIVE;
				GCC_WARN_UNUSED_FUNCTION = YES;
				GCC_WARN_UNUSED_VARIABLE = YES;
				IPHONEOS_DEPLOYMENT_TARGET = 13.0;
				MTL_ENABLE_DEBUG_INFO = INCLUDE_SOURCE;
				MTL_FAST_MATH = YES;
				ONLY_ACTIVE_ARCH = YES;
				SDKROOT = iphoneos;
				SWIFT_ACTIVE_COMPILATION_CONDITIONS = DEBUG;
				SWIFT_OPTIMIZATION_LEVEL = "-Onone";
			};
			name = Debug;
		};
		B0B2059F2333D45200694587 /* Release */ = {
			isa = XCBuildConfiguration;
			buildSettings = {
				ALWAYS_SEARCH_USER_PATHS = NO;
				CLANG_ANALYZER_NONNULL = YES;
				CLANG_ANALYZER_NUMBER_OBJECT_CONVERSION = YES_AGGRESSIVE;
				CLANG_CXX_LANGUAGE_STANDARD = "gnu++14";
				CLANG_CXX_LIBRARY = "libc++";
				CLANG_ENABLE_MODULES = YES;
				CLANG_ENABLE_OBJC_ARC = YES;
				CLANG_ENABLE_OBJC_WEAK = YES;
				CLANG_WARN_BLOCK_CAPTURE_AUTORELEASING = YES;
				CLANG_WARN_BOOL_CONVERSION = YES;
				CLANG_WARN_COMMA = YES;
				CLANG_WARN_CONSTANT_CONVERSION = YES;
				CLANG_WARN_DEPRECATED_OBJC_IMPLEMENTATIONS = YES;
				CLANG_WARN_DIRECT_OBJC_ISA_USAGE = YES_ERROR;
				CLANG_WARN_DOCUMENTATION_COMMENTS = YES;
				CLANG_WARN_EMPTY_BODY = YES;
				CLANG_WARN_ENUM_CONVERSION = YES;
				CLANG_WARN_INFINITE_RECURSION = YES;
				CLANG_WARN_INT_CONVERSION = YES;
				CLANG_WARN_NON_LITERAL_NULL_CONVERSION = YES;
				CLANG_WARN_OBJC_IMPLICIT_RETAIN_SELF = YES;
				CLANG_WARN_OBJC_LITERAL_CONVERSION = YES;
				CLANG_WARN_OBJC_ROOT_CLASS = YES_ERROR;
				CLANG_WARN_RANGE_LOOP_ANALYSIS = YES;
				CLANG_WARN_STRICT_PROTOTYPES = YES;
				CLANG_WARN_SUSPICIOUS_MOVE = YES;
				CLANG_WARN_UNGUARDED_AVAILABILITY = YES_AGGRESSIVE;
				CLANG_WARN_UNREACHABLE_CODE = YES;
				CLANG_WARN__DUPLICATE_METHOD_MATCH = YES;
				COPY_PHASE_STRIP = NO;
				DEBUG_INFORMATION_FORMAT = "dwarf-with-dsym";
				ENABLE_NS_ASSERTIONS = NO;
				ENABLE_STRICT_OBJC_MSGSEND = YES;
				GCC_C_LANGUAGE_STANDARD = gnu11;
				GCC_NO_COMMON_BLOCKS = YES;
				GCC_WARN_64_TO_32_BIT_CONVERSION = YES;
				GCC_WARN_ABOUT_RETURN_TYPE = YES_ERROR;
				GCC_WARN_UNDECLARED_SELECTOR = YES;
				GCC_WARN_UNINITIALIZED_AUTOS = YES_AGGRESSIVE;
				GCC_WARN_UNUSED_FUNCTION = YES;
				GCC_WARN_UNUSED_VARIABLE = YES;
				IPHONEOS_DEPLOYMENT_TARGET = 13.0;
				MTL_ENABLE_DEBUG_INFO = NO;
				MTL_FAST_MATH = YES;
				SDKROOT = iphoneos;
				SWIFT_COMPILATION_MODE = wholemodule;
				SWIFT_OPTIMIZATION_LEVEL = "-O";
				VALIDATE_PRODUCT = YES;
			};
			name = Release;
		};
		B0B205A12333D45200694587 /* Debug */ = {
			isa = XCBuildConfiguration;
			buildSettings = {
				ASSETCATALOG_COMPILER_APPICON_NAME = AppIcon;
				CODE_SIGN_STYLE = Automatic;
				INFOPLIST_FILE = GryphEats/Info.plist;
				IPHONEOS_DEPLOYMENT_TARGET = 12.0;
				LD_RUNPATH_SEARCH_PATHS = (
					"$(inherited)",
					"@executable_path/Frameworks",
				);
				PRODUCT_BUNDLE_IDENTIFIER = com.thesubwaysquad.GryphEats;
				PRODUCT_NAME = "$(TARGET_NAME)";
				SWIFT_VERSION = 5.0;
				TARGETED_DEVICE_FAMILY = "1,2";
			};
			name = Debug;
		};
		B0B205A22333D45200694587 /* Release */ = {
			isa = XCBuildConfiguration;
			buildSettings = {
				ASSETCATALOG_COMPILER_APPICON_NAME = AppIcon;
				CODE_SIGN_STYLE = Automatic;
				INFOPLIST_FILE = GryphEats/Info.plist;
				IPHONEOS_DEPLOYMENT_TARGET = 12.0;
				LD_RUNPATH_SEARCH_PATHS = (
					"$(inherited)",
					"@executable_path/Frameworks",
				);
				PRODUCT_BUNDLE_IDENTIFIER = com.thesubwaysquad.GryphEats;
				PRODUCT_NAME = "$(TARGET_NAME)";
				SWIFT_VERSION = 5.0;
				TARGETED_DEVICE_FAMILY = "1,2";
			};
			name = Release;
		};
		B0B205A42333D45200694587 /* Debug */ = {
			isa = XCBuildConfiguration;
			buildSettings = {
				ALWAYS_EMBED_SWIFT_STANDARD_LIBRARIES = YES;
				BUNDLE_LOADER = "$(TEST_HOST)";
				CODE_SIGN_STYLE = Automatic;
				INFOPLIST_FILE = "UofG-Hospitality-Order-NowTests/Info.plist";
				IPHONEOS_DEPLOYMENT_TARGET = 13.0;
				LD_RUNPATH_SEARCH_PATHS = (
					"$(inherited)",
					"@executable_path/Frameworks",
					"@loader_path/Frameworks",
				);
				PRODUCT_BUNDLE_IDENTIFIER = "com.thesubwaysquad.UofG-Hospitality-Order-NowTests";
				PRODUCT_NAME = "$(TARGET_NAME)";
				SWIFT_VERSION = 5.0;
				TARGETED_DEVICE_FAMILY = "1,2";
				TEST_HOST = "$(BUILT_PRODUCTS_DIR)/GryphEats.app/GryphEats";
			};
			name = Debug;
		};
		B0B205A52333D45200694587 /* Release */ = {
			isa = XCBuildConfiguration;
			buildSettings = {
				ALWAYS_EMBED_SWIFT_STANDARD_LIBRARIES = YES;
				BUNDLE_LOADER = "$(TEST_HOST)";
				CODE_SIGN_STYLE = Automatic;
				INFOPLIST_FILE = "UofG-Hospitality-Order-NowTests/Info.plist";
				IPHONEOS_DEPLOYMENT_TARGET = 13.0;
				LD_RUNPATH_SEARCH_PATHS = (
					"$(inherited)",
					"@executable_path/Frameworks",
					"@loader_path/Frameworks",
				);
				PRODUCT_BUNDLE_IDENTIFIER = "com.thesubwaysquad.UofG-Hospitality-Order-NowTests";
				PRODUCT_NAME = "$(TARGET_NAME)";
				SWIFT_VERSION = 5.0;
				TARGETED_DEVICE_FAMILY = "1,2";
				TEST_HOST = "$(BUILT_PRODUCTS_DIR)/GryphEats.app/GryphEats";
			};
			name = Release;
		};
/* End XCBuildConfiguration section */

/* Begin XCConfigurationList section */
		B0B205712333D45000694587 /* Build configuration list for PBXProject "GryphEats" */ = {
			isa = XCConfigurationList;
			buildConfigurations = (
				B0B2059E2333D45200694587 /* Debug */,
				B0B2059F2333D45200694587 /* Release */,
			);
			defaultConfigurationIsVisible = 0;
			defaultConfigurationName = Release;
		};
		B0B205A02333D45200694587 /* Build configuration list for PBXNativeTarget "GryphEats" */ = {
			isa = XCConfigurationList;
			buildConfigurations = (
				B0B205A12333D45200694587 /* Debug */,
				B0B205A22333D45200694587 /* Release */,
			);
			defaultConfigurationIsVisible = 0;
			defaultConfigurationName = Release;
		};
		B0B205A32333D45200694587 /* Build configuration list for PBXNativeTarget "GryphEatsTests" */ = {
			isa = XCConfigurationList;
			buildConfigurations = (
				B0B205A42333D45200694587 /* Debug */,
				B0B205A52333D45200694587 /* Release */,
			);
			defaultConfigurationIsVisible = 0;
			defaultConfigurationName = Release;
		};
/* End XCConfigurationList section */
	};
	rootObject = B0B2056E2333D45000694587 /* Project object */;
}
